
Microsoft Visual Studio Solution File, Format Version 12.00
# Visual Studio Version 17
VisualStudioVersion = 17.12.35527.113 d17.12
MinimumVisualStudioVersion = 10.0.40219.1
Project("{FAE04EC0-301F-11D3-BF4B-00C04F79EFBC}") = "Interfaces", "Interfaces\Interfaces.csproj", "{3117462E-F6EC-4ADD-A7F8-4A143328C745}"
EndProject
Project("{FAE04EC0-301F-11D3-BF4B-00C04F79EFBC}") = "RefAndValue2", "RefAndValue2\RefAndValue2.csproj", "{3045A37A-9B80-431C-8269-00F35D2F1FCF}"
EndProject
Project("{FAE04EC0-301F-11D3-BF4B-00C04F79EFBC}") = "ValueTypes", "ValueTypes\ValueTypes.csproj", "{D998DC9D-12C5-4E45-9228-AD22A2C32A98}"
EndProject
Global
	GlobalSection(SolutionConfigurationPlatforms) = preSolution
		Debug|Any CPU = Debug|Any CPU
		Release|Any CPU = Release|Any CPU
	EndGlobalSection
	GlobalSection(ProjectConfigurationPlatforms) = postSolution
		{3117462E-F6EC-4ADD-A7F8-4A143328C745}.Debug|Any CPU.ActiveCfg = Debug|Any CPU
		{3117462E-F6EC-4ADD-A7F8-4A143328C745}.Debug|Any CPU.Build.0 = Debug|Any CPU
		{3117462E-F6EC-4ADD-A7F8-4A143328C745}.Release|Any CPU.ActiveCfg = Release|Any CPU
		{3117462E-F6EC-4ADD-A7F8-4A143328C745}.Release|Any CPU.Build.0 = Release|Any CPU
		{3045A37A-9B80-431C-8269-00F35D2F1FCF}.Debug|Any CPU.ActiveCfg = Debug|Any CPU
		{3045A37A-9B80-431C-8269-00F35D2F1FCF}.Debug|Any CPU.Build.0 = Debug|Any CPU
		{3045A37A-9B80-431C-8269-00F35D2F1FCF}.Release|Any CPU.ActiveCfg = Release|Any CPU
		{3045A37A-9B80-431C-8269-00F35D2F1FCF}.Release|Any CPU.Build.0 = Release|Any CPU
		{D998DC9D-12C5-4E45-9228-AD22A2C32A98}.Debug|Any CPU.ActiveCfg = Debug|Any CPU
		{D998DC9D-12C5-4E45-9228-AD22A2C32A98}.Debug|Any CPU.Build.0 = Debug|Any CPU
		{D998DC9D-12C5-4E45-9228-AD22A2C32A98}.Release|Any CPU.ActiveCfg = Release|Any CPU
		{D998DC9D-12C5-4E45-9228-AD22A2C32A98}.Release|Any CPU.Build.0 = Release|Any CPU
	EndGlobalSection
	GlobalSection(SolutionProperties) = preSolution
		HideSolutionNode = FALSE
	EndGlobalSection
EndGlobal
