
Microsoft Visual Studio Solution File, Format Version 12.00
# Visual Studio Version 17
VisualStudioVersion = 17.12.35527.113 d17.12
MinimumVisualStudioVersion = 10.0.40219.1
Project("{FAE04EC0-301F-11D3-BF4B-00C04F79EFBC}") = "Employee", "Employee\Employee.csproj", "{0EDC3334-7309-4D05-ACFB-A2F347C6B31F}"
EndProject
Project("{FAE04EC0-301F-11D3-BF4B-00C04F79EFBC}") = "EmployeeInheritance", "EmployeeInheritance\EmployeeInheritance.csproj", "{B3A2EBED-40E8-4FB8-873D-92F14DA43282}"
EndProject
Global
	GlobalSection(SolutionConfigurationPlatforms) = preSolution
		Debug|Any CPU = Debug|Any CPU
		Release|Any CPU = Release|Any CPU
	EndGlobalSection
	GlobalSection(ProjectConfigurationPlatforms) = postSolution
		{0EDC3334-7309-4D05-ACFB-A2F347C6B31F}.Debug|Any CPU.ActiveCfg = Debug|Any CPU
		{0EDC3334-7309-4D05-ACFB-A2F347C6B31F}.Debug|Any CPU.Build.0 = Debug|Any CPU
		{0EDC3334-7309-4D05-ACFB-A2F347C6B31F}.Release|Any CPU.ActiveCfg = Release|Any CPU
		{0EDC3334-7309-4D05-ACFB-A2F347C6B31F}.Release|Any CPU.Build.0 = Release|Any CPU
		{B3A2EBED-40E8-4FB8-873D-92F14DA43282}.Debug|Any CPU.ActiveCfg = Debug|Any CPU
		{B3A2EBED-40E8-4FB8-873D-92F14DA43282}.Debug|Any CPU.Build.0 = Debug|Any CPU
		{B3A2EBED-40E8-4FB8-873D-92F14DA43282}.Release|Any CPU.ActiveCfg = Release|Any CPU
		{B3A2EBED-40E8-4FB8-873D-92F14DA43282}.Release|Any CPU.Build.0 = Release|Any CPU
	EndGlobalSection
	GlobalSection(SolutionProperties) = preSolution
		HideSolutionNode = FALSE
	EndGlobalSection
EndGlobal
